
Microsoft Visual Studio Solution File, Format Version 12.00
# Visual Studio Version 17
VisualStudioVersion = 17.4.33213.308
MinimumVisualStudioVersion = 10.0.40219.1
Project("{FAE04EC0-301F-11D3-BF4B-00C04F79EFBC}") = "LINQ 1", "LINQ 1\LINQ 1.csproj", "{B338AEC9-7C8A-45A2-A77B-D2578D671EB9}"
EndProject
Global
	GlobalSection(SolutionConfigurationPlatforms) = preSolution
		Debug|Any CPU = Debug|Any CPU
		Release|Any CPU = Release|Any CPU
	EndGlobalSection
	GlobalSection(ProjectConfigurationPlatforms) = postSolution
		{B338AEC9-7C8A-45A2-A77B-D2578D671EB9}.Debug|Any CPU.ActiveCfg = Debug|Any CPU
		{B338AEC9-7C8A-45A2-A77B-D2578D671EB9}.Debug|Any CPU.Build.0 = Debug|Any CPU
		{B338AEC9-7C8A-45A2-A77B-D2578D671EB9}.Release|Any CPU.ActiveCfg = Release|Any CPU
		{B338AEC9-7C8A-45A2-A77B-D2578D671EB9}.Release|Any CPU.Build.0 = Release|Any CPU
	EndGlobalSection
	GlobalSection(SolutionProperties) = preSolution
		HideSolutionNode = FALSE
	EndGlobalSection
	GlobalSection(ExtensibilityGlobals) = postSolution
		SolutionGuid = {682E2083-CA5A-47E8-9C16-A90A6D946354}
	EndGlobalSection
EndGlobal
