
Microsoft Visual Studio Solution File, Format Version 12.00
# Visual Studio Version 17
VisualStudioVersion = 17.4.33213.308
MinimumVisualStudioVersion = 10.0.40219.1
Project("{FAE04EC0-301F-11D3-BF4B-00C04F79EFBC}") = "MalditaCalculadora", "MalditaCalculadora\MalditaCalculadora.csproj", "{8EB01E82-ECC4-493C-BAB3-8418FFF8615D}"
EndProject
Global
	GlobalSection(SolutionConfigurationPlatforms) = preSolution
		Debug|Any CPU = Debug|Any CPU
		Release|Any CPU = Release|Any CPU
	EndGlobalSection
	GlobalSection(ProjectConfigurationPlatforms) = postSolution
		{8EB01E82-ECC4-493C-BAB3-8418FFF8615D}.Debug|Any CPU.ActiveCfg = Debug|Any CPU
		{8EB01E82-ECC4-493C-BAB3-8418FFF8615D}.Debug|Any CPU.Build.0 = Debug|Any CPU
		{8EB01E82-ECC4-493C-BAB3-8418FFF8615D}.Release|Any CPU.ActiveCfg = Release|Any CPU
		{8EB01E82-ECC4-493C-BAB3-8418FFF8615D}.Release|Any CPU.Build.0 = Release|Any CPU
	EndGlobalSection
	GlobalSection(SolutionProperties) = preSolution
		HideSolutionNode = FALSE
	EndGlobalSection
	GlobalSection(ExtensibilityGlobals) = postSolution
		SolutionGuid = {EC03D696-7744-4A19-9B26-E861FEB274E9}
	EndGlobalSection
EndGlobal
