
Microsoft Visual Studio Solution File, Format Version 12.00
# Visual Studio Version 17
VisualStudioVersion = 17.4.33213.308
MinimumVisualStudioVersion = 10.0.40219.1
Project("{FAE04EC0-301F-11D3-BF4B-00C04F79EFBC}") = "Proyecto Grafico", "Proyecto Grafico\Proyecto Grafico.csproj", "{ABA8A92A-01E7-4E23-8304-DCBEEC144CD3}"
EndProject
Global
	GlobalSection(SolutionConfigurationPlatforms) = preSolution
		Debug|Any CPU = Debug|Any CPU
		Release|Any CPU = Release|Any CPU
	EndGlobalSection
	GlobalSection(ProjectConfigurationPlatforms) = postSolution
		{ABA8A92A-01E7-4E23-8304-DCBEEC144CD3}.Debug|Any CPU.ActiveCfg = Debug|Any CPU
		{ABA8A92A-01E7-4E23-8304-DCBEEC144CD3}.Debug|Any CPU.Build.0 = Debug|Any CPU
		{ABA8A92A-01E7-4E23-8304-DCBEEC144CD3}.Release|Any CPU.ActiveCfg = Release|Any CPU
		{ABA8A92A-01E7-4E23-8304-DCBEEC144CD3}.Release|Any CPU.Build.0 = Release|Any CPU
	EndGlobalSection
	GlobalSection(SolutionProperties) = preSolution
		HideSolutionNode = FALSE
	EndGlobalSection
	GlobalSection(ExtensibilityGlobals) = postSolution
		SolutionGuid = {51351DCE-51D6-422D-8573-3751C6CA97D3}
	EndGlobalSection
EndGlobal
